
Microsoft Visual Studio Solution File, Format Version 12.00
# Visual Studio Version 17
VisualStudioVersion = 17.3.32804.467
MinimumVisualStudioVersion = 10.0.40219.1
Project("{FAE04EC0-301F-11D3-BF4B-00C04F79EFBC}") = "Project1", "Project1.csproj", "{19F53994-CE10-49E0-8C4D-B2551EA470DA}"
EndProject
Global
	GlobalSection(SolutionConfigurationPlatforms) = preSolution
		Debug|Any CPU = Debug|Any CPU
		Release|Any CPU = Release|Any CPU
	EndGlobalSection
	GlobalSection(ProjectConfigurationPlatforms) = postSolution
		{19F53994-CE10-49E0-8C4D-B2551EA470DA}.Debug|Any CPU.ActiveCfg = Debug|Any CPU
		{19F53994-CE10-49E0-8C4D-B2551EA470DA}.Debug|Any CPU.Build.0 = Debug|Any CPU
		{19F53994-CE10-49E0-8C4D-B2551EA470DA}.Release|Any CPU.ActiveCfg = Release|Any CPU
		{19F53994-CE10-49E0-8C4D-B2551EA470DA}.Release|Any CPU.Build.0 = Release|Any CPU
	EndGlobalSection
	GlobalSection(SolutionProperties) = preSolution
		HideSolutionNode = FALSE
	EndGlobalSection
	GlobalSection(ExtensibilityGlobals) = postSolution
		SolutionGuid = {04C48BA9-127D-44D2-83C7-7D4506C0B0B6}
	EndGlobalSection
EndGlobal
