
Microsoft Visual Studio Solution File, Format Version 12.00
# Visual Studio Version 17
VisualStudioVersion = 17.3.32804.467
MinimumVisualStudioVersion = 10.0.40219.1
Project("{FAE04EC0-301F-11D3-BF4B-00C04F79EFBC}") = "factorial", "factorial.csproj", "{6944609C-28A9-4491-A92C-B2B846CBE645}"
EndProject
Project("{FAE04EC0-301F-11D3-BF4B-00C04F79EFBC}") = "avarage", "..\avarage\avarage.csproj", "{B9B4D28F-E918-4DB1-8AC6-E9ED2D138ED2}"
EndProject
Project("{FAE04EC0-301F-11D3-BF4B-00C04F79EFBC}") = "perfectNumber", "..\perfectNumber\perfectNumber.csproj", "{C4FBB18E-43B0-47D3-B37E-67ECBBDBD800}"
EndProject
Global
	GlobalSection(SolutionConfigurationPlatforms) = preSolution
		Debug|Any CPU = Debug|Any CPU
		Release|Any CPU = Release|Any CPU
	EndGlobalSection
	GlobalSection(ProjectConfigurationPlatforms) = postSolution
		{6944609C-28A9-4491-A92C-B2B846CBE645}.Debug|Any CPU.ActiveCfg = Debug|Any CPU
		{6944609C-28A9-4491-A92C-B2B846CBE645}.Debug|Any CPU.Build.0 = Debug|Any CPU
		{6944609C-28A9-4491-A92C-B2B846CBE645}.Release|Any CPU.ActiveCfg = Release|Any CPU
		{6944609C-28A9-4491-A92C-B2B846CBE645}.Release|Any CPU.Build.0 = Release|Any CPU
		{B9B4D28F-E918-4DB1-8AC6-E9ED2D138ED2}.Debug|Any CPU.ActiveCfg = Debug|Any CPU
		{B9B4D28F-E918-4DB1-8AC6-E9ED2D138ED2}.Debug|Any CPU.Build.0 = Debug|Any CPU
		{B9B4D28F-E918-4DB1-8AC6-E9ED2D138ED2}.Release|Any CPU.ActiveCfg = Release|Any CPU
		{B9B4D28F-E918-4DB1-8AC6-E9ED2D138ED2}.Release|Any CPU.Build.0 = Release|Any CPU
		{C4FBB18E-43B0-47D3-B37E-67ECBBDBD800}.Debug|Any CPU.ActiveCfg = Debug|Any CPU
		{C4FBB18E-43B0-47D3-B37E-67ECBBDBD800}.Debug|Any CPU.Build.0 = Debug|Any CPU
		{C4FBB18E-43B0-47D3-B37E-67ECBBDBD800}.Release|Any CPU.ActiveCfg = Release|Any CPU
		{C4FBB18E-43B0-47D3-B37E-67ECBBDBD800}.Release|Any CPU.Build.0 = Release|Any CPU
	EndGlobalSection
	GlobalSection(SolutionProperties) = preSolution
		HideSolutionNode = FALSE
	EndGlobalSection
	GlobalSection(ExtensibilityGlobals) = postSolution
		SolutionGuid = {FA22FA51-4740-46D2-8D57-64A0D73C4986}
	EndGlobalSection
EndGlobal
