
Microsoft Visual Studio Solution File, Format Version 12.00
# Visual Studio Version 17
VisualStudioVersion = 17.3.32804.467
MinimumVisualStudioVersion = 10.0.40219.1
Project("{FAE04EC0-301F-11D3-BF4B-00C04F79EFBC}") = "MvcMovie", "MvcMovie.csproj", "{D9D28D66-4DCF-4DD5-98E8-843080DA37D2}"
EndProject
Global
	GlobalSection(SolutionConfigurationPlatforms) = preSolution
		Debug|Any CPU = Debug|Any CPU
		Release|Any CPU = Release|Any CPU
	EndGlobalSection
	GlobalSection(ProjectConfigurationPlatforms) = postSolution
		{D9D28D66-4DCF-4DD5-98E8-843080DA37D2}.Debug|Any CPU.ActiveCfg = Debug|Any CPU
		{D9D28D66-4DCF-4DD5-98E8-843080DA37D2}.Debug|Any CPU.Build.0 = Debug|Any CPU
		{D9D28D66-4DCF-4DD5-98E8-843080DA37D2}.Release|Any CPU.ActiveCfg = Release|Any CPU
		{D9D28D66-4DCF-4DD5-98E8-843080DA37D2}.Release|Any CPU.Build.0 = Release|Any CPU
	EndGlobalSection
	GlobalSection(SolutionProperties) = preSolution
		HideSolutionNode = FALSE
	EndGlobalSection
	GlobalSection(ExtensibilityGlobals) = postSolution
		SolutionGuid = {EBC0B5CD-CFCA-461E-B891-9148C6E446C6}
	EndGlobalSection
EndGlobal
