
Microsoft Visual Studio Solution File, Format Version 12.00
# Visual Studio Version 17
VisualStudioVersion = 17.3.32804.467
MinimumVisualStudioVersion = 10.0.40219.1
Project("{FAE04EC0-301F-11D3-BF4B-00C04F79EFBC}") = "Structs", "Structs.csproj", "{5D0F8C5A-96FC-4468-956F-1B2BFB8541ED}"
EndProject
Global
	GlobalSection(SolutionConfigurationPlatforms) = preSolution
		Debug|Any CPU = Debug|Any CPU
		Release|Any CPU = Release|Any CPU
	EndGlobalSection
	GlobalSection(ProjectConfigurationPlatforms) = postSolution
		{5D0F8C5A-96FC-4468-956F-1B2BFB8541ED}.Debug|Any CPU.ActiveCfg = Debug|Any CPU
		{5D0F8C5A-96FC-4468-956F-1B2BFB8541ED}.Debug|Any CPU.Build.0 = Debug|Any CPU
		{5D0F8C5A-96FC-4468-956F-1B2BFB8541ED}.Release|Any CPU.ActiveCfg = Release|Any CPU
		{5D0F8C5A-96FC-4468-956F-1B2BFB8541ED}.Release|Any CPU.Build.0 = Release|Any CPU
	EndGlobalSection
	GlobalSection(SolutionProperties) = preSolution
		HideSolutionNode = FALSE
	EndGlobalSection
	GlobalSection(ExtensibilityGlobals) = postSolution
		SolutionGuid = {D7945393-DEAA-43DC-87A2-3BB1E4589ED5}
	EndGlobalSection
EndGlobal
