
Microsoft Visual Studio Solution File, Format Version 12.00
# Visual Studio Version 17
VisualStudioVersion = 17.3.32804.467
MinimumVisualStudioVersion = 10.0.40219.1
Project("{FAE04EC0-301F-11D3-BF4B-00C04F79EFBC}") = "Polymorphism", "Polymorphism.csproj", "{D67F2ACB-2E01-4EBA-81D8-957117ECAAD5}"
EndProject
Global
	GlobalSection(SolutionConfigurationPlatforms) = preSolution
		Debug|Any CPU = Debug|Any CPU
		Release|Any CPU = Release|Any CPU
	EndGlobalSection
	GlobalSection(ProjectConfigurationPlatforms) = postSolution
		{D67F2ACB-2E01-4EBA-81D8-957117ECAAD5}.Debug|Any CPU.ActiveCfg = Debug|Any CPU
		{D67F2ACB-2E01-4EBA-81D8-957117ECAAD5}.Debug|Any CPU.Build.0 = Debug|Any CPU
		{D67F2ACB-2E01-4EBA-81D8-957117ECAAD5}.Release|Any CPU.ActiveCfg = Release|Any CPU
		{D67F2ACB-2E01-4EBA-81D8-957117ECAAD5}.Release|Any CPU.Build.0 = Release|Any CPU
	EndGlobalSection
	GlobalSection(SolutionProperties) = preSolution
		HideSolutionNode = FALSE
	EndGlobalSection
	GlobalSection(ExtensibilityGlobals) = postSolution
		SolutionGuid = {C3D36B63-1854-4714-9F42-CFFB3AFF8A15}
	EndGlobalSection
EndGlobal
